
Microsoft Visual Studio Solution File, Format Version 12.00
# Visual Studio Version 17
VisualStudioVersion = 17.4.33122.133
MinimumVisualStudioVersion = 10.0.40219.1
Project("{FAE04EC0-301F-11D3-BF4B-00C04F79EFBC}") = "eTickets", "eTickets\eTickets.csproj", "{AD58C17A-1E2C-4680-AB13-ED63626BA383}"
EndProject
Global
	GlobalSection(SolutionConfigurationPlatforms) = preSolution
		Debug|Any CPU = Debug|Any CPU
		Release|Any CPU = Release|Any CPU
	EndGlobalSection
	GlobalSection(ProjectConfigurationPlatforms) = postSolution
		{AD58C17A-1E2C-4680-AB13-ED63626BA383}.Debug|Any CPU.ActiveCfg = Debug|Any CPU
		{AD58C17A-1E2C-4680-AB13-ED63626BA383}.Debug|Any CPU.Build.0 = Debug|Any CPU
		{AD58C17A-1E2C-4680-AB13-ED63626BA383}.Release|Any CPU.ActiveCfg = Release|Any CPU
		{AD58C17A-1E2C-4680-AB13-ED63626BA383}.Release|Any CPU.Build.0 = Release|Any CPU
	EndGlobalSection
	GlobalSection(SolutionProperties) = preSolution
		HideSolutionNode = FALSE
	EndGlobalSection
	GlobalSection(ExtensibilityGlobals) = postSolution
		SolutionGuid = {CE9AA6FC-09A8-497C-8F5C-05EE83D9F595}
	EndGlobalSection
EndGlobal
